schema: '2.0'
stages:
  process_bikes_day:
    cmd: python src/prepare_bikes_day.py
    deps:
    - path: data/day.csv
      md5: 15c0da6f6da37eeaf5e70bbec14d1120
      size: 57569
    - path: src/prepare_bikes_day.py
      md5: ab15e9f84515919723f176ce1a4f6906
      size: 1735
    outs:
    - path: data/day_prepared.csv
      md5: e5cc58a5d5a8dbe7a34a2d1f4851a771
      size: 51949
  exercise_1_train:
    cmd: python src/exercise_1_train.py
    deps:
    - path: data/day_prepared.csv
      md5: e5cc58a5d5a8dbe7a34a2d1f4851a771
      size: 51949
    - path: src/exercise_1_train.py
      md5: bcfe1525ff155658d59ce74043dd4b5e
      size: 727
    outs:
    - path: models/exercise_1_rf.pkl
      md5: 6305e8b7f9e93ae4fdad2957b4cb7bc6
      size: 5918220
  exercise_1_plots:
    cmd: python src/exercise_1_plots.py
    deps:
    - path: data/day_prepared.csv
      md5: e5cc58a5d5a8dbe7a34a2d1f4851a771
      size: 51949
    - path: models/exercise_1_rf.pkl
      md5: 6305e8b7f9e93ae4fdad2957b4cb7bc6
      size: 5918220
    - path: src/exercise_1_plots.py
      md5: cfca95b98c67d6e7328f5716a8e151cd
      size: 1980
    outs:
    - path: plots/exercise_1/pdp_density_plot.png
      md5: c1e289be506ec98ca1b9dcfff0a61d47
      size: 38936
    - path: plots/exercise_1/pdp_plot.png
      md5: b4a9729caa2960aa79885eec8c24c8b1
      size: 846815
  exercise_3_train:
    cmd: RScript src/exercise_3_train.R
    deps:
    - path: data/kc_house_data.csv
      md5: b1e7bdf4f3e61792c0979a5697dc7145
      size: 2515206
    - path: src/exercise_3_train.R
      md5: d2b60d4af709c0dff3679dbee32e65e4
      size: 317
    outs:
    - path: models/house_model.rds
      md5: 6a305d6877be659e24dccba9b5dc5bbc
      size: 26691
  exercise_3_plots:
    cmd: RScript src/exercise_3_plots.R
    deps:
    - path: data/kc_house_data.csv
      md5: b1e7bdf4f3e61792c0979a5697dc7145
      size: 2515206
    - path: models/house_model.rds
      md5: 6a305d6877be659e24dccba9b5dc5bbc
      size: 26691
    - path: src/exercise_3_plots.R
      md5: 1cd6b500a29fe3e2efb3ab5cc8880eac
      size: 522
    outs:
    - path: plots/exercise_3/plot.png
      md5: 0e6553764a211790cb0b66980cfc7f08
      size: 5445
